
Microsoft Visual Studio Solution File, Format Version 12.00
# Visual Studio Version 17
VisualStudioVersion = 17.9.34728.123
MinimumVisualStudioVersion = 10.0.40219.1
Project("{FAE04EC0-301F-11D3-BF4B-00C04F79EFBC}") = "Forum", "Forum\Forum.csproj", "{13BC073F-9948-4376-94DC-8FB3CD947AA4}"
EndProject
Global
	GlobalSection(SolutionConfigurationPlatforms) = preSolution
		Debug|Any CPU = Debug|Any CPU
		Release|Any CPU = Release|Any CPU
	EndGlobalSection
	GlobalSection(ProjectConfigurationPlatforms) = postSolution
		{13BC073F-9948-4376-94DC-8FB3CD947AA4}.Debug|Any CPU.ActiveCfg = Debug|Any CPU
		{13BC073F-9948-4376-94DC-8FB3CD947AA4}.Debug|Any CPU.Build.0 = Debug|Any CPU
		{13BC073F-9948-4376-94DC-8FB3CD947AA4}.Release|Any CPU.ActiveCfg = Release|Any CPU
		{13BC073F-9948-4376-94DC-8FB3CD947AA4}.Release|Any CPU.Build.0 = Release|Any CPU
	EndGlobalSection
	GlobalSection(SolutionProperties) = preSolution
		HideSolutionNode = FALSE
	EndGlobalSection
	GlobalSection(ExtensibilityGlobals) = postSolution
		SolutionGuid = {79237952-1CE8-40B6-BA5C-1B83B6805CE3}
	EndGlobalSection
EndGlobal
